
Microsoft Visual Studio Solution File, Format Version 12.00
# Visual Studio Version 17
VisualStudioVersion = 17.3.32825.248
MinimumVisualStudioVersion = 10.0.40219.1
Project("{FAE04EC0-301F-11D3-BF4B-00C04F79EFBC}") = "BeeСolony", "BeeСolony\BeeСolony.csproj", "{D3660AB1-6D76-4D0D-8F56-18B19FC19488}"
EndProject
Global
	GlobalSection(SolutionConfigurationPlatforms) = preSolution
		Debug|Any CPU = Debug|Any CPU
		Release|Any CPU = Release|Any CPU
	EndGlobalSection
	GlobalSection(ProjectConfigurationPlatforms) = postSolution
		{D3660AB1-6D76-4D0D-8F56-18B19FC19488}.Debug|Any CPU.ActiveCfg = Debug|Any CPU
		{D3660AB1-6D76-4D0D-8F56-18B19FC19488}.Debug|Any CPU.Build.0 = Debug|Any CPU
		{D3660AB1-6D76-4D0D-8F56-18B19FC19488}.Release|Any CPU.ActiveCfg = Release|Any CPU
		{D3660AB1-6D76-4D0D-8F56-18B19FC19488}.Release|Any CPU.Build.0 = Release|Any CPU
	EndGlobalSection
	GlobalSection(SolutionProperties) = preSolution
		HideSolutionNode = FALSE
	EndGlobalSection
	GlobalSection(ExtensibilityGlobals) = postSolution
		SolutionGuid = {5DB70CE4-DEEE-4962-B791-2712FD27D73D}
	EndGlobalSection
EndGlobal
